
Microsoft Visual Studio Solution File, Format Version 12.00
# Visual Studio 15
VisualStudioVersion = 15.0.26730.16
MinimumVisualStudioVersion = 10.0.40219.1
Project("{9A19103F-16F7-4668-BE54-9A1E7A4F7556}") = "MarekMotykaBot", "MarekMotykaBot\MarekMotykaBot.csproj", "{105E4235-147D-42CA-82FF-2E85DBC96466}"
	ProjectSection(ProjectDependencies) = postProject
		{1968E167-C412-46EE-B8AD-DA7B131938CA} = {1968E167-C412-46EE-B8AD-DA7B131938CA}
	EndProjectSection
EndProject
Project("{9A19103F-16F7-4668-BE54-9A1E7A4F7556}") = "ImfFlipAPI.APISource.Core", "..\ImfFlipAPI.APISource.Core\ImfFlipAPI.APISource.Core.csproj", "{1968E167-C412-46EE-B8AD-DA7B131938CA}"
EndProject
Global
	GlobalSection(SolutionConfigurationPlatforms) = preSolution
		Debug|Any CPU = Debug|Any CPU
		Release|Any CPU = Release|Any CPU
	EndGlobalSection
	GlobalSection(ProjectConfigurationPlatforms) = postSolution
		{105E4235-147D-42CA-82FF-2E85DBC96466}.Debug|Any CPU.ActiveCfg = Debug|Any CPU
		{105E4235-147D-42CA-82FF-2E85DBC96466}.Debug|Any CPU.Build.0 = Debug|Any CPU
		{105E4235-147D-42CA-82FF-2E85DBC96466}.Release|Any CPU.ActiveCfg = Release|Any CPU
		{105E4235-147D-42CA-82FF-2E85DBC96466}.Release|Any CPU.Build.0 = Release|Any CPU
		{1968E167-C412-46EE-B8AD-DA7B131938CA}.Debug|Any CPU.ActiveCfg = Debug|Any CPU
		{1968E167-C412-46EE-B8AD-DA7B131938CA}.Debug|Any CPU.Build.0 = Debug|Any CPU
		{1968E167-C412-46EE-B8AD-DA7B131938CA}.Release|Any CPU.ActiveCfg = Release|Any CPU
		{1968E167-C412-46EE-B8AD-DA7B131938CA}.Release|Any CPU.Build.0 = Release|Any CPU
	EndGlobalSection
	GlobalSection(SolutionProperties) = preSolution
		HideSolutionNode = FALSE
	EndGlobalSection
	GlobalSection(ExtensibilityGlobals) = postSolution
		SolutionGuid = {B3642E2D-6AC9-4617-A6B6-DE5DBEE57ACB}
	EndGlobalSection
EndGlobal
